{
  "name": "stream-csv-enhanced",
  "version": "0.0.5",
  "lockfileVersion": 1,
  "requires": true,
  "dependencies": {
    "parser-toolkit": {
      "version": "0.0.5",
      "resolved": "https://registry.npmjs.org/parser-toolkit/-/parser-toolkit-0.0.5.tgz",
      "integrity": "sha1-7EthcpyGMYtW6pcb+6azxnLWLAE="
    }
  }
}
